
Microsoft Visual Studio Solution File, Format Version 12.00
# Visual Studio Version 16
VisualStudioVersion = 16.0.30309.148
MinimumVisualStudioVersion = 10.0.40219.1
Project("{9A19103F-16F7-4668-BE54-9A1E7A4F7556}") = "ZumbaApp", "ZumbaApp\ZumbaApp.csproj", "{592B510D-09E4-42FD-9017-14FEA8EF086A}"
EndProject
Project("{9A19103F-16F7-4668-BE54-9A1E7A4F7556}") = "ZumbaAPI", "ZumbaAPI\ZumbaAPI.csproj", "{F7C8993C-BE93-4E9A-88E0-E7EEE1BA47B3}"
EndProject
Project("{FAE04EC0-301F-11D3-BF4B-00C04F79EFBC}") = "ZumbaModels", "ZumbaModels\ZumbaModels.csproj", "{DD3B6A4A-1CED-4506-84A0-4A73B114935D}"
EndProject
Global
	GlobalSection(SolutionConfigurationPlatforms) = preSolution
		Debug|Any CPU = Debug|Any CPU
		Release|Any CPU = Release|Any CPU
	EndGlobalSection
	GlobalSection(ProjectConfigurationPlatforms) = postSolution
		{592B510D-09E4-42FD-9017-14FEA8EF086A}.Debug|Any CPU.ActiveCfg = Debug|Any CPU
		{592B510D-09E4-42FD-9017-14FEA8EF086A}.Debug|Any CPU.Build.0 = Debug|Any CPU
		{592B510D-09E4-42FD-9017-14FEA8EF086A}.Release|Any CPU.ActiveCfg = Release|Any CPU
		{592B510D-09E4-42FD-9017-14FEA8EF086A}.Release|Any CPU.Build.0 = Release|Any CPU
		{F7C8993C-BE93-4E9A-88E0-E7EEE1BA47B3}.Debug|Any CPU.ActiveCfg = Debug|Any CPU
		{F7C8993C-BE93-4E9A-88E0-E7EEE1BA47B3}.Debug|Any CPU.Build.0 = Debug|Any CPU
		{F7C8993C-BE93-4E9A-88E0-E7EEE1BA47B3}.Release|Any CPU.ActiveCfg = Release|Any CPU
		{F7C8993C-BE93-4E9A-88E0-E7EEE1BA47B3}.Release|Any CPU.Build.0 = Release|Any CPU
		{DD3B6A4A-1CED-4506-84A0-4A73B114935D}.Debug|Any CPU.ActiveCfg = Debug|Any CPU
		{DD3B6A4A-1CED-4506-84A0-4A73B114935D}.Debug|Any CPU.Build.0 = Debug|Any CPU
		{DD3B6A4A-1CED-4506-84A0-4A73B114935D}.Release|Any CPU.ActiveCfg = Release|Any CPU
		{DD3B6A4A-1CED-4506-84A0-4A73B114935D}.Release|Any CPU.Build.0 = Release|Any CPU
	EndGlobalSection
	GlobalSection(SolutionProperties) = preSolution
		HideSolutionNode = FALSE
	EndGlobalSection
	GlobalSection(ExtensibilityGlobals) = postSolution
		SolutionGuid = {672756CE-EB14-464D-ADAA-7E6E542CD0F4}
	EndGlobalSection
EndGlobal
